<?xml version="1.0" encoding="utf-8"?>
<Project ToolsVersion="4.0" xmlns="http://schemas.microsoft.com/developer/msbuild/2003">
  <ItemGroup>
    <Filter Include="Source Files">
      <UniqueIdentifier>{4FC737F1-C7A5-4376-A066-2A32D752A2FF}</UniqueIdentifier>
      <Extensions>cpp;c;cc;cxx;def;odl;idl;hpj;bat;asm;asmx</Extensions>
    </Filter>
    <Filter Include="Header Files">
      <UniqueIdentifier>{93995380-89BD-4b04-88EB-625FBE52EBFB}</UniqueIdentifier>
      <Extensions>h;hh;hpp;hxx;hm;inl;inc;xsd</Extensions>
    </Filter>
    <Filter Include="Resource Files">
      <UniqueIdentifier>{67DA6AB6-F800-4c08-8B7A-83BB121AAD01}</UniqueIdentifier>
      <Extensions>rc;ico;cur;bmp;dlg;rc2;rct;bin;rgs;gif;jpg;jpeg;jpe;resx;tiff;tif;png;wav</Extensions>
    </Filter>
  </ItemGroup>
  <ItemGroup>
    <ClCompile Include="main.cpp">
      <Filter>Source Files</Filter>
    </ClCompile>
    <ClCompile Include="drivers\BishopTest.cpp">
      <Filter>Source Files</Filter>
    </ClCompile>
    <ClCompile Include="drivers\CaptureTest.cpp">
      <Filter>Source Files</Filter>
    </ClCompile>
    <ClCompile Include="drivers\CheckmateTest.cpp">
      <Filter>Source Files</Filter>
    </ClCompile>
    <ClCompile Include="drivers\CheckTest.cpp">
      <Filter>Source Files</Filter>
    </ClCompile>
    <ClCompile Include="drivers\CollisionTest.cpp">
      <Filter>Source Files</Filter>
    </ClCompile>
    <ClCompile Include="drivers\DrawTest.cpp">
      <Filter>Source Files</Filter>
    </ClCompile>
    <ClCompile Include="drivers\Driver.cpp">
      <Filter>Source Files</Filter>
    </ClCompile>
    <ClCompile Include="drivers\DriverTest.cpp">
      <Filter>Source Files</Filter>
    </ClCompile>
    <ClCompile Include="drivers\KingTest.cpp">
      <Filter>Source Files</Filter>
    </ClCompile>
    <ClCompile Include="drivers\KnightTest.cpp">
      <Filter>Source Files</Filter>
    </ClCompile>
    <ClCompile Include="drivers\MoveNodeTest.cpp">
      <Filter>Source Files</Filter>
    </ClCompile>
    <ClCompile Include="drivers\PawnTest.cpp">
      <Filter>Source Files</Filter>
    </ClCompile>
    <ClCompile Include="drivers\PieceTest.cpp">
      <Filter>Source Files</Filter>
    </ClCompile>
    <ClCompile Include="drivers\QueenTest.cpp">
      <Filter>Source Files</Filter>
    </ClCompile>
    <ClCompile Include="drivers\RookTest.cpp">
      <Filter>Source Files</Filter>
    </ClCompile>
    <ClCompile Include="drivers\SaveTest.cpp">
      <Filter>Source Files</Filter>
    </ClCompile>
    <ClCompile Include="drivers\TestCase.cpp">
      <Filter>Source Files</Filter>
    </ClCompile>
    <ClCompile Include="include\Bishop.cpp">
      <Filter>Source Files</Filter>
    </ClCompile>
    <ClCompile Include="include\Gameboard.cpp">
      <Filter>Source Files</Filter>
    </ClCompile>
    <ClCompile Include="include\King.cpp">
      <Filter>Source Files</Filter>
    </ClCompile>
    <ClCompile Include="include\Knight.cpp">
      <Filter>Source Files</Filter>
    </ClCompile>
    <ClCompile Include="include\MoveNode.cpp">
      <Filter>Source Files</Filter>
    </ClCompile>
    <ClCompile Include="include\Pawn.cpp">
      <Filter>Source Files</Filter>
    </ClCompile>
    <ClCompile Include="include\Piece.cpp">
      <Filter>Source Files</Filter>
    </ClCompile>
    <ClCompile Include="include\Queen.cpp">
      <Filter>Source Files</Filter>
    </ClCompile>
    <ClCompile Include="include\Rook.cpp">
      <Filter>Source Files</Filter>
    </ClCompile>
    <ClCompile Include="include\State.cpp">
      <Filter>Source Files</Filter>
    </ClCompile>
  </ItemGroup>
  <ItemGroup>
    <ClInclude Include="drivers\BishopTest.h">
      <Filter>Header Files</Filter>
    </ClInclude>
    <ClInclude Include="drivers\CaptureTest.h">
      <Filter>Header Files</Filter>
    </ClInclude>
    <ClInclude Include="drivers\CheckmateTest.h">
      <Filter>Header Files</Filter>
    </ClInclude>
    <ClInclude Include="drivers\CheckTest.h">
      <Filter>Header Files</Filter>
    </ClInclude>
    <ClInclude Include="drivers\CollisionTest.h">
      <Filter>Header Files</Filter>
    </ClInclude>
    <ClInclude Include="drivers\DrawTest.h">
      <Filter>Header Files</Filter>
    </ClInclude>
    <ClInclude Include="drivers\Driver.h">
      <Filter>Header Files</Filter>
    </ClInclude>
    <ClInclude Include="drivers\KingTest.h">
      <Filter>Header Files</Filter>
    </ClInclude>
    <ClInclude Include="drivers\KnightTest.h">
      <Filter>Header Files</Filter>
    </ClInclude>
    <ClInclude Include="drivers\MoveNodeTest.h">
      <Filter>Header Files</Filter>
    </ClInclude>
    <ClInclude Include="drivers\PawnTest.h">
      <Filter>Header Files</Filter>
    </ClInclude>
    <ClInclude Include="drivers\PieceTest.h">
      <Filter>Header Files</Filter>
    </ClInclude>
    <ClInclude Include="drivers\QueenTest.h">
      <Filter>Header Files</Filter>
    </ClInclude>
    <ClInclude Include="drivers\RookTest.h">
      <Filter>Header Files</Filter>
    </ClInclude>
    <ClInclude Include="drivers\SaveTest.h">
      <Filter>Header Files</Filter>
    </ClInclude>
    <ClInclude Include="drivers\TestCase.h">
      <Filter>Header Files</Filter>
    </ClInclude>
    <ClInclude Include="include\Bishop.h">
      <Filter>Header Files</Filter>
    </ClInclude>
    <ClInclude Include="include\Gameboard.h">
      <Filter>Header Files</Filter>
    </ClInclude>
    <ClInclude Include="include\King.h">
      <Filter>Header Files</Filter>
    </ClInclude>
    <ClInclude Include="include\Knight.h">
      <Filter>Header Files</Filter>
    </ClInclude>
    <ClInclude Include="include\MoveNode.h">
      <Filter>Header Files</Filter>
    </ClInclude>
    <ClInclude Include="include\Pawn.h">
      <Filter>Header Files</Filter>
    </ClInclude>
    <ClInclude Include="include\Piece.h">
      <Filter>Header Files</Filter>
    </ClInclude>
    <ClInclude Include="include\Queen.h">
      <Filter>Header Files</Filter>
    </ClInclude>
    <ClInclude Include="include\Rook.h">
      <Filter>Header Files</Filter>
    </ClInclude>
    <ClInclude Include="include\State.h">
      <Filter>Header Files</Filter>
    </ClInclude>
    <ClInclude Include="include\Game.hpp">
      <Filter>Header Files</Filter>
    </ClInclude>
    <ClInclude Include="include\UI.hpp">
      <Filter>Header Files</Filter>
    </ClInclude>
    <ClInclude Include="include\UIAlert.hpp">
      <Filter>Header Files</Filter>
    </ClInclude>
    <ClInclude Include="include\UIBoard.hpp">
      <Filter>Header Files</Filter>
    </ClInclude>
    <ClInclude Include="include\UIButton.hpp">
      <Filter>Header Files</Filter>
    </ClInclude>
    <ClInclude Include="include\UIMoveStack.hpp">
      <Filter>Header Files</Filter>
    </ClInclude>
    <ClInclude Include="include\UIText.hpp">
      <Filter>Header Files</Filter>
    </ClInclude>
  </ItemGroup>
</Project>